// !$*UTF8*$!
{
	archiveVersion = 1;
	classes = {
	};
	objectVersion = 56;
	objects = {

/* Begin PBXBuildFile section */
		04BA9A9D2989A2CB00134F42 /* RMGetAllCharactersResponse.swift in Sources */ = {isa = PBXBuildFile; fileRef = 04BA9A9C2989A2CB00134F42 /* RMGetAllCharactersResponse.swift */; };
		04E6271129864FF000CC193C /* AppDelegate.swift in Sources */ = {isa = PBXBuildFile; fileRef = 04E6271029864FF000CC193C /* AppDelegate.swift */; };
		04E6271329864FF000CC193C /* SceneDelegate.swift in Sources */ = {isa = PBXBuildFile; fileRef = 04E6271229864FF000CC193C /* SceneDelegate.swift */; };
		04E6271529864FF000CC193C /* RMTabBarController.swift in Sources */ = {isa = PBXBuildFile; fileRef = 04E6271429864FF000CC193C /* RMTabBarController.swift */; };
		04E6271A29864FF200CC193C /* Assets.xcassets in Resources */ = {isa = PBXBuildFile; fileRef = 04E6271929864FF200CC193C /* Assets.xcassets */; };
		04E6271D29864FF200CC193C /* LaunchScreen.storyboard in Resources */ = {isa = PBXBuildFile; fileRef = 04E6271B29864FF200CC193C /* LaunchScreen.storyboard */; };
		04E6272C29865D6700CC193C /* RMLocation.swift in Sources */ = {isa = PBXBuildFile; fileRef = 04E6272B29865D6700CC193C /* RMLocation.swift */; };
		04E6272E29865D7700CC193C /* RMCharacter.swift in Sources */ = {isa = PBXBuildFile; fileRef = 04E6272D29865D7700CC193C /* RMCharacter.swift */; };
		04E6273029865D8300CC193C /* RMEpisode.swift in Sources */ = {isa = PBXBuildFile; fileRef = 04E6272F29865D8300CC193C /* RMEpisode.swift */; };
		04E6273329865E5E00CC193C /* RMLocationViewController.swift in Sources */ = {isa = PBXBuildFile; fileRef = 04E6273229865E5E00CC193C /* RMLocationViewController.swift */; };
		04E6273529865E8800CC193C /* RMCharacterViewController.swift in Sources */ = {isa = PBXBuildFile; fileRef = 04E6273429865E8800CC193C /* RMCharacterViewController.swift */; };
		04E6273729865E9700CC193C /* RMEpisodeViewController.swift in Sources */ = {isa = PBXBuildFile; fileRef = 04E6273629865E9700CC193C /* RMEpisodeViewController.swift */; };
		04E6273929865EA200CC193C /* RMSettingsViewController.swift in Sources */ = {isa = PBXBuildFile; fileRef = 04E6273829865EA200CC193C /* RMSettingsViewController.swift */; };
		04E6273B29867CBC00CC193C /* RMService.swift in Sources */ = {isa = PBXBuildFile; fileRef = 04E6273A29867CBC00CC193C /* RMService.swift */; };
		04E6273D29867CDC00CC193C /* RMRequest.swift in Sources */ = {isa = PBXBuildFile; fileRef = 04E6273C29867CDC00CC193C /* RMRequest.swift */; };
		04E6273F29867E2700CC193C /* RMEndpoint.swift in Sources */ = {isa = PBXBuildFile; fileRef = 04E6273E29867E2700CC193C /* RMEndpoint.swift */; };
		04E6274129868A0900CC193C /* RMOrigin.swift in Sources */ = {isa = PBXBuildFile; fileRef = 04E6274029868A0900CC193C /* RMOrigin.swift */; };
		04E6274329868AE300CC193C /* RMSingleLocation.swift in Sources */ = {isa = PBXBuildFile; fileRef = 04E6274229868AE300CC193C /* RMSingleLocation.swift */; };
		04E6274529868C5300CC193C /* RMCharacterStatus.swift in Sources */ = {isa = PBXBuildFile; fileRef = 04E6274429868C5300CC193C /* RMCharacterStatus.swift */; };
		04E6274729868C9200CC193C /* RMCharacterGender.swift in Sources */ = {isa = PBXBuildFile; fileRef = 04E6274629868C9200CC193C /* RMCharacterGender.swift */; };
/* End PBXBuildFile section */

/* Begin PBXFileReference section */
		04BA9A9C2989A2CB00134F42 /* RMGetAllCharactersResponse.swift */ = {isa = PBXFileReference; lastKnownFileType = sourcecode.swift; path = RMGetAllCharactersResponse.swift; sourceTree = "<group>"; };
		04E6270D29864FF000CC193C /* Rick&Morty.app */ = {isa = PBXFileReference; explicitFileType = wrapper.application; includeInIndex = 0; path = "Rick&Morty.app"; sourceTree = BUILT_PRODUCTS_DIR; };
		04E6271029864FF000CC193C /* AppDelegate.swift */ = {isa = PBXFileReference; lastKnownFileType = sourcecode.swift; path = AppDelegate.swift; sourceTree = "<group>"; };
		04E6271229864FF000CC193C /* SceneDelegate.swift */ = {isa = PBXFileReference; lastKnownFileType = sourcecode.swift; path = SceneDelegate.swift; sourceTree = "<group>"; };
		04E6271429864FF000CC193C /* RMTabBarController.swift */ = {isa = PBXFileReference; lastKnownFileType = sourcecode.swift; path = RMTabBarController.swift; sourceTree = "<group>"; };
		04E6271929864FF200CC193C /* Assets.xcassets */ = {isa = PBXFileReference; lastKnownFileType = folder.assetcatalog; path = Assets.xcassets; sourceTree = "<group>"; };
		04E6271C29864FF200CC193C /* Base */ = {isa = PBXFileReference; lastKnownFileType = file.storyboard; name = Base; path = Base.lproj/LaunchScreen.storyboard; sourceTree = "<group>"; };
		04E6271E29864FF200CC193C /* Info.plist */ = {isa = PBXFileReference; lastKnownFileType = text.plist.xml; path = Info.plist; sourceTree = "<group>"; };
		04E6272B29865D6700CC193C /* RMLocation.swift */ = {isa = PBXFileReference; lastKnownFileType = sourcecode.swift; path = RMLocation.swift; sourceTree = "<group>"; };
		04E6272D29865D7700CC193C /* RMCharacter.swift */ = {isa = PBXFileReference; lastKnownFileType = sourcecode.swift; path = RMCharacter.swift; sourceTree = "<group>"; };
		04E6272F29865D8300CC193C /* RMEpisode.swift */ = {isa = PBXFileReference; lastKnownFileType = sourcecode.swift; path = RMEpisode.swift; sourceTree = "<group>"; };
		04E6273229865E5E00CC193C /* RMLocationViewController.swift */ = {isa = PBXFileReference; lastKnownFileType = sourcecode.swift; path = RMLocationViewController.swift; sourceTree = "<group>"; };
		04E6273429865E8800CC193C /* RMCharacterViewController.swift */ = {isa = PBXFileReference; lastKnownFileType = sourcecode.swift; path = RMCharacterViewController.swift; sourceTree = "<group>"; };
		04E6273629865E9700CC193C /* RMEpisodeViewController.swift */ = {isa = PBXFileReference; lastKnownFileType = sourcecode.swift; path = RMEpisodeViewController.swift; sourceTree = "<group>"; };
		04E6273829865EA200CC193C /* RMSettingsViewController.swift */ = {isa = PBXFileReference; lastKnownFileType = sourcecode.swift; path = RMSettingsViewController.swift; sourceTree = "<group>"; };
		04E6273A29867CBC00CC193C /* RMService.swift */ = {isa = PBXFileReference; lastKnownFileType = sourcecode.swift; path = RMService.swift; sourceTree = "<group>"; };
		04E6273C29867CDC00CC193C /* RMRequest.swift */ = {isa = PBXFileReference; lastKnownFileType = sourcecode.swift; path = RMRequest.swift; sourceTree = "<group>"; };
		04E6273E29867E2700CC193C /* RMEndpoint.swift */ = {isa = PBXFileReference; lastKnownFileType = sourcecode.swift; path = RMEndpoint.swift; sourceTree = "<group>"; };
		04E6274029868A0900CC193C /* RMOrigin.swift */ = {isa = PBXFileReference; lastKnownFileType = sourcecode.swift; path = RMOrigin.swift; sourceTree = "<group>"; };
		04E6274229868AE300CC193C /* RMSingleLocation.swift */ = {isa = PBXFileReference; lastKnownFileType = sourcecode.swift; path = RMSingleLocation.swift; sourceTree = "<group>"; };
		04E6274429868C5300CC193C /* RMCharacterStatus.swift */ = {isa = PBXFileReference; lastKnownFileType = sourcecode.swift; path = RMCharacterStatus.swift; sourceTree = "<group>"; };
		04E6274629868C9200CC193C /* RMCharacterGender.swift */ = {isa = PBXFileReference; lastKnownFileType = sourcecode.swift; path = RMCharacterGender.swift; sourceTree = "<group>"; };
/* End PBXFileReference section */

/* Begin PBXFrameworksBuildPhase section */
		04E6270A29864FF000CC193C /* Frameworks */ = {
			isa = PBXFrameworksBuildPhase;
			buildActionMask = 2147483647;
			files = (
			);
			runOnlyForDeploymentPostprocessing = 0;
		};
/* End PBXFrameworksBuildPhase section */

/* Begin PBXGroup section */
		04BA9A9A2989A28000134F42 /* DataTypes */ = {
			isa = PBXGroup;
			children = (
				04E6272B29865D6700CC193C /* RMLocation.swift */,
				04E6272D29865D7700CC193C /* RMCharacter.swift */,
				04E6272F29865D8300CC193C /* RMEpisode.swift */,
				04E6274029868A0900CC193C /* RMOrigin.swift */,
				04E6274229868AE300CC193C /* RMSingleLocation.swift */,
				04E6274429868C5300CC193C /* RMCharacterStatus.swift */,
				04E6274629868C9200CC193C /* RMCharacterGender.swift */,
			);
			path = DataTypes;
			sourceTree = "<group>";
		};
		04BA9A9B2989A2A200134F42 /* APIResponseTypes */ = {
			isa = PBXGroup;
			children = (
				04BA9A9C2989A2CB00134F42 /* RMGetAllCharactersResponse.swift */,
			);
			path = APIResponseTypes;
			sourceTree = "<group>";
		};
		04E6270429864FF000CC193C = {
			isa = PBXGroup;
			children = (
				04E6270F29864FF000CC193C /* Rick&Morty */,
				04E6270E29864FF000CC193C /* Products */,
			);
			sourceTree = "<group>";
		};
		04E6270E29864FF000CC193C /* Products */ = {
			isa = PBXGroup;
			children = (
				04E6270D29864FF000CC193C /* Rick&Morty.app */,
			);
			name = Products;
			sourceTree = "<group>";
		};
		04E6270F29864FF000CC193C /* Rick&Morty */ = {
			isa = PBXGroup;
			children = (
				04E6272A298653D900CC193C /* Resources */,
				04E62729298653CB00CC193C /* Managers */,
				04E62728298653B000CC193C /* APIClient */,
				04E62727298653A600CC193C /* ViewModels */,
				04E627262986539D00CC193C /* Views */,
				04E627252986539100CC193C /* Models */,
				04E627242986538500CC193C /* Controllers */,
				04E6271E29864FF200CC193C /* Info.plist */,
			);
			path = "Rick&Morty";
			sourceTree = "<group>";
		};
		04E627242986538500CC193C /* Controllers */ = {
			isa = PBXGroup;
			children = (
				04E6273129865E0D00CC193C /* Core */,
			);
			path = Controllers;
			sourceTree = "<group>";
		};
		04E627252986539100CC193C /* Models */ = {
			isa = PBXGroup;
			children = (
				04BA9A9B2989A2A200134F42 /* APIResponseTypes */,
				04BA9A9A2989A28000134F42 /* DataTypes */,
			);
			path = Models;
			sourceTree = "<group>";
		};
		04E627262986539D00CC193C /* Views */ = {
			isa = PBXGroup;
			children = (
			);
			path = Views;
			sourceTree = "<group>";
		};
		04E62727298653A600CC193C /* ViewModels */ = {
			isa = PBXGroup;
			children = (
			);
			path = ViewModels;
			sourceTree = "<group>";
		};
		04E62728298653B000CC193C /* APIClient */ = {
			isa = PBXGroup;
			children = (
				04E6273A29867CBC00CC193C /* RMService.swift */,
				04E6273C29867CDC00CC193C /* RMRequest.swift */,
				04E6273E29867E2700CC193C /* RMEndpoint.swift */,
			);
			path = APIClient;
			sourceTree = "<group>";
		};
		04E62729298653CB00CC193C /* Managers */ = {
			isa = PBXGroup;
			children = (
			);
			path = Managers;
			sourceTree = "<group>";
		};
		04E6272A298653D900CC193C /* Resources */ = {
			isa = PBXGroup;
			children = (
				04E6271029864FF000CC193C /* AppDelegate.swift */,
				04E6271229864FF000CC193C /* SceneDelegate.swift */,
				04E6271929864FF200CC193C /* Assets.xcassets */,
				04E6271B29864FF200CC193C /* LaunchScreen.storyboard */,
			);
			path = Resources;
			sourceTree = "<group>";
		};
		04E6273129865E0D00CC193C /* Core */ = {
			isa = PBXGroup;
			children = (
				04E6271429864FF000CC193C /* RMTabBarController.swift */,
				04E6273429865E8800CC193C /* RMCharacterViewController.swift */,
				04E6273229865E5E00CC193C /* RMLocationViewController.swift */,
				04E6273629865E9700CC193C /* RMEpisodeViewController.swift */,
				04E6273829865EA200CC193C /* RMSettingsViewController.swift */,
			);
			path = Core;
			sourceTree = "<group>";
		};
/* End PBXGroup section */

/* Begin PBXNativeTarget section */
		04E6270C29864FF000CC193C /* Rick&Morty */ = {
			isa = PBXNativeTarget;
			buildConfigurationList = 04E6272129864FF200CC193C /* Build configuration list for PBXNativeTarget "Rick&Morty" */;
			buildPhases = (
				04E6270929864FF000CC193C /* Sources */,
				04E6270A29864FF000CC193C /* Frameworks */,
				04E6270B29864FF000CC193C /* Resources */,
			);
			buildRules = (
			);
			dependencies = (
			);
			name = "Rick&Morty";
			productName = "Rick&Morty";
			productReference = 04E6270D29864FF000CC193C /* Rick&Morty.app */;
			productType = "com.apple.product-type.application";
		};
/* End PBXNativeTarget section */

/* Begin PBXProject section */
		04E6270529864FF000CC193C /* Project object */ = {
			isa = PBXProject;
			attributes = {
				BuildIndependentTargetsInParallel = 1;
				LastSwiftUpdateCheck = 1410;
				LastUpgradeCheck = 1410;
				TargetAttributes = {
					04E6270C29864FF000CC193C = {
						CreatedOnToolsVersion = 14.1;
					};
				};
			};
			buildConfigurationList = 04E6270829864FF000CC193C /* Build configuration list for PBXProject "Rick&Morty" */;
			compatibilityVersion = "Xcode 14.0";
			developmentRegion = en;
			hasScannedForEncodings = 0;
			knownRegions = (
				en,
				Base,
			);
			mainGroup = 04E6270429864FF000CC193C;
			productRefGroup = 04E6270E29864FF000CC193C /* Products */;
			projectDirPath = "";
			projectRoot = "";
			targets = (
				04E6270C29864FF000CC193C /* Rick&Morty */,
			);
		};
/* End PBXProject section */

/* Begin PBXResourcesBuildPhase section */
		04E6270B29864FF000CC193C /* Resources */ = {
			isa = PBXResourcesBuildPhase;
			buildActionMask = 2147483647;
			files = (
				04E6271D29864FF200CC193C /* LaunchScreen.storyboard in Resources */,
				04E6271A29864FF200CC193C /* Assets.xcassets in Resources */,
			);
			runOnlyForDeploymentPostprocessing = 0;
		};
/* End PBXResourcesBuildPhase section */

/* Begin PBXSourcesBuildPhase section */
		04E6270929864FF000CC193C /* Sources */ = {
			isa = PBXSourcesBuildPhase;
			buildActionMask = 2147483647;
			files = (
				04BA9A9D2989A2CB00134F42 /* RMGetAllCharactersResponse.swift in Sources */,
				04E6274129868A0900CC193C /* RMOrigin.swift in Sources */,
				04E6274329868AE300CC193C /* RMSingleLocation.swift in Sources */,
				04E6274529868C5300CC193C /* RMCharacterStatus.swift in Sources */,
				04E6274729868C9200CC193C /* RMCharacterGender.swift in Sources */,
				04E6273029865D8300CC193C /* RMEpisode.swift in Sources */,
				04E6271529864FF000CC193C /* RMTabBarController.swift in Sources */,
				04E6273329865E5E00CC193C /* RMLocationViewController.swift in Sources */,
				04E6273729865E9700CC193C /* RMEpisodeViewController.swift in Sources */,
				04E6271129864FF000CC193C /* AppDelegate.swift in Sources */,
				04E6271329864FF000CC193C /* SceneDelegate.swift in Sources */,
				04E6273929865EA200CC193C /* RMSettingsViewController.swift in Sources */,
				04E6273B29867CBC00CC193C /* RMService.swift in Sources */,
				04E6273529865E8800CC193C /* RMCharacterViewController.swift in Sources */,
				04E6273F29867E2700CC193C /* RMEndpoint.swift in Sources */,
				04E6272C29865D6700CC193C /* RMLocation.swift in Sources */,
				04E6273D29867CDC00CC193C /* RMRequest.swift in Sources */,
				04E6272E29865D7700CC193C /* RMCharacter.swift in Sources */,
			);
			runOnlyForDeploymentPostprocessing = 0;
		};
/* End PBXSourcesBuildPhase section */

/* Begin PBXVariantGroup section */
		04E6271B29864FF200CC193C /* LaunchScreen.storyboard */ = {
			isa = PBXVariantGroup;
			children = (
				04E6271C29864FF200CC193C /* Base */,
			);
			name = LaunchScreen.storyboard;
			sourceTree = "<group>";
		};
/* End PBXVariantGroup section */

/* Begin XCBuildConfiguration section */
		04E6271F29864FF200CC193C /* Debug */ = {
			isa = XCBuildConfiguration;
			buildSettings = {
				ALWAYS_SEARCH_USER_PATHS = NO;
				CLANG_ANALYZER_NONNULL = YES;
				CLANG_ANALYZER_NUMBER_OBJECT_CONVERSION = YES_AGGRESSIVE;
				CLANG_CXX_LANGUAGE_STANDARD = "gnu++20";
				CLANG_ENABLE_MODULES = YES;
				CLANG_ENABLE_OBJC_ARC = YES;
				CLANG_ENABLE_OBJC_WEAK = YES;
				CLANG_WARN_BLOCK_CAPTURE_AUTORELEASING = YES;
				CLANG_WARN_BOOL_CONVERSION = YES;
				CLANG_WARN_COMMA = YES;
				CLANG_WARN_CONSTANT_CONVERSION = YES;
				CLANG_WARN_DEPRECATED_OBJC_IMPLEMENTATIONS = YES;
				CLANG_WARN_DIRECT_OBJC_ISA_USAGE = YES_ERROR;
				CLANG_WARN_DOCUMENTATION_COMMENTS = YES;
				CLANG_WARN_EMPTY_BODY = YES;
				CLANG_WARN_ENUM_CONVERSION = YES;
				CLANG_WARN_INFINITE_RECURSION = YES;
				CLANG_WARN_INT_CONVERSION = YES;
				CLANG_WARN_NON_LITERAL_NULL_CONVERSION = YES;
				CLANG_WARN_OBJC_IMPLICIT_RETAIN_SELF = YES;
				CLANG_WARN_OBJC_LITERAL_CONVERSION = YES;
				CLANG_WARN_OBJC_ROOT_CLASS = YES_ERROR;
				CLANG_WARN_QUOTED_INCLUDE_IN_FRAMEWORK_HEADER = YES;
				CLANG_WARN_RANGE_LOOP_ANALYSIS = YES;
				CLANG_WARN_STRICT_PROTOTYPES = YES;
				CLANG_WARN_SUSPICIOUS_MOVE = YES;
				CLANG_WARN_UNGUARDED_AVAILABILITY = YES_AGGRESSIVE;
				CLANG_WARN_UNREACHABLE_CODE = YES;
				CLANG_WARN__DUPLICATE_METHOD_MATCH = YES;
				COPY_PHASE_STRIP = NO;
				DEBUG_INFORMATION_FORMAT = dwarf;
				ENABLE_STRICT_OBJC_MSGSEND = YES;
				ENABLE_TESTABILITY = YES;
				GCC_C_LANGUAGE_STANDARD = gnu11;
				GCC_DYNAMIC_NO_PIC = NO;
				GCC_NO_COMMON_BLOCKS = YES;
				GCC_OPTIMIZATION_LEVEL = 0;
				GCC_PREPROCESSOR_DEFINITIONS = (
					"DEBUG=1",
					"$(inherited)",
				);
				GCC_WARN_64_TO_32_BIT_CONVERSION = YES;
				GCC_WARN_ABOUT_RETURN_TYPE = YES_ERROR;
				GCC_WARN_UNDECLARED_SELECTOR = YES;
				GCC_WARN_UNINITIALIZED_AUTOS = YES_AGGRESSIVE;
				GCC_WARN_UNUSED_FUNCTION = YES;
				GCC_WARN_UNUSED_VARIABLE = YES;
				IPHONEOS_DEPLOYMENT_TARGET = 16.1;
				MTL_ENABLE_DEBUG_INFO = INCLUDE_SOURCE;
				MTL_FAST_MATH = YES;
				ONLY_ACTIVE_ARCH = YES;
				SDKROOT = iphoneos;
				SWIFT_ACTIVE_COMPILATION_CONDITIONS = DEBUG;
				SWIFT_OPTIMIZATION_LEVEL = "-Onone";
			};
			name = Debug;
		};
		04E6272029864FF200CC193C /* Release */ = {
			isa = XCBuildConfiguration;
			buildSettings = {
				ALWAYS_SEARCH_USER_PATHS = NO;
				CLANG_ANALYZER_NONNULL = YES;
				CLANG_ANALYZER_NUMBER_OBJECT_CONVERSION = YES_AGGRESSIVE;
				CLANG_CXX_LANGUAGE_STANDARD = "gnu++20";
				CLANG_ENABLE_MODULES = YES;
				CLANG_ENABLE_OBJC_ARC = YES;
				CLANG_ENABLE_OBJC_WEAK = YES;
				CLANG_WARN_BLOCK_CAPTURE_AUTORELEASING = YES;
				CLANG_WARN_BOOL_CONVERSION = YES;
				CLANG_WARN_COMMA = YES;
				CLANG_WARN_CONSTANT_CONVERSION = YES;
				CLANG_WARN_DEPRECATED_OBJC_IMPLEMENTATIONS = YES;
				CLANG_WARN_DIRECT_OBJC_ISA_USAGE = YES_ERROR;
				CLANG_WARN_DOCUMENTATION_COMMENTS = YES;
				CLANG_WARN_EMPTY_BODY = YES;
				CLANG_WARN_ENUM_CONVERSION = YES;
				CLANG_WARN_INFINITE_RECURSION = YES;
				CLANG_WARN_INT_CONVERSION = YES;
				CLANG_WARN_NON_LITERAL_NULL_CONVERSION = YES;
				CLANG_WARN_OBJC_IMPLICIT_RETAIN_SELF = YES;
				CLANG_WARN_OBJC_LITERAL_CONVERSION = YES;
				CLANG_WARN_OBJC_ROOT_CLASS = YES_ERROR;
				CLANG_WARN_QUOTED_INCLUDE_IN_FRAMEWORK_HEADER = YES;
				CLANG_WARN_RANGE_LOOP_ANALYSIS = YES;
				CLANG_WARN_STRICT_PROTOTYPES = YES;
				CLANG_WARN_SUSPICIOUS_MOVE = YES;
				CLANG_WARN_UNGUARDED_AVAILABILITY = YES_AGGRESSIVE;
				CLANG_WARN_UNREACHABLE_CODE = YES;
				CLANG_WARN__DUPLICATE_METHOD_MATCH = YES;
				COPY_PHASE_STRIP = NO;
				DEBUG_INFORMATION_FORMAT = "dwarf-with-dsym";
				ENABLE_NS_ASSERTIONS = NO;
				ENABLE_STRICT_OBJC_MSGSEND = YES;
				GCC_C_LANGUAGE_STANDARD = gnu11;
				GCC_NO_COMMON_BLOCKS = YES;
				GCC_WARN_64_TO_32_BIT_CONVERSION = YES;
				GCC_WARN_ABOUT_RETURN_TYPE = YES_ERROR;
				GCC_WARN_UNDECLARED_SELECTOR = YES;
				GCC_WARN_UNINITIALIZED_AUTOS = YES_AGGRESSIVE;
				GCC_WARN_UNUSED_FUNCTION = YES;
				GCC_WARN_UNUSED_VARIABLE = YES;
				IPHONEOS_DEPLOYMENT_TARGET = 16.1;
				MTL_ENABLE_DEBUG_INFO = NO;
				MTL_FAST_MATH = YES;
				SDKROOT = iphoneos;
				SWIFT_COMPILATION_MODE = wholemodule;
				SWIFT_OPTIMIZATION_LEVEL = "-O";
				VALIDATE_PRODUCT = YES;
			};
			name = Release;
		};
		04E6272229864FF200CC193C /* Debug */ = {
			isa = XCBuildConfiguration;
			buildSettings = {
				ASSETCATALOG_COMPILER_APPICON_NAME = AppIcon;
				ASSETCATALOG_COMPILER_GLOBAL_ACCENT_COLOR_NAME = AccentColor;
				CODE_SIGN_STYLE = Automatic;
				CURRENT_PROJECT_VERSION = 1;
				DEVELOPMENT_TEAM = A3S62WLAUQ;
				GENERATE_INFOPLIST_FILE = YES;
				INFOPLIST_FILE = "Rick&Morty/Info.plist";
				INFOPLIST_KEY_UIApplicationSupportsIndirectInputEvents = YES;
				INFOPLIST_KEY_UILaunchStoryboardName = LaunchScreen;
				INFOPLIST_KEY_UISupportedInterfaceOrientations_iPad = "UIInterfaceOrientationPortrait UIInterfaceOrientationPortraitUpsideDown UIInterfaceOrientationLandscapeLeft UIInterfaceOrientationLandscapeRight";
				INFOPLIST_KEY_UISupportedInterfaceOrientations_iPhone = "UIInterfaceOrientationPortrait UIInterfaceOrientationLandscapeLeft UIInterfaceOrientationLandscapeRight";
				LD_RUNPATH_SEARCH_PATHS = (
					"$(inherited)",
					"@executable_path/Frameworks",
				);
				MARKETING_VERSION = 1.0;
				PRODUCT_BUNDLE_IDENTIFIER = "GD.Rick-Morty";
				PRODUCT_NAME = "$(TARGET_NAME)";
				SWIFT_EMIT_LOC_STRINGS = YES;
				SWIFT_VERSION = 5.0;
				TARGETED_DEVICE_FAMILY = "1,2";
			};
			name = Debug;
		};
		04E6272329864FF200CC193C /* Release */ = {
			isa = XCBuildConfiguration;
			buildSettings = {
				ASSETCATALOG_COMPILER_APPICON_NAME = AppIcon;
				ASSETCATALOG_COMPILER_GLOBAL_ACCENT_COLOR_NAME = AccentColor;
				CODE_SIGN_STYLE = Automatic;
				CURRENT_PROJECT_VERSION = 1;
				DEVELOPMENT_TEAM = A3S62WLAUQ;
				GENERATE_INFOPLIST_FILE = YES;
				INFOPLIST_FILE = "Rick&Morty/Info.plist";
				INFOPLIST_KEY_UIApplicationSupportsIndirectInputEvents = YES;
				INFOPLIST_KEY_UILaunchStoryboardName = LaunchScreen;
				INFOPLIST_KEY_UISupportedInterfaceOrientations_iPad = "UIInterfaceOrientationPortrait UIInterfaceOrientationPortraitUpsideDown UIInterfaceOrientationLandscapeLeft UIInterfaceOrientationLandscapeRight";
				INFOPLIST_KEY_UISupportedInterfaceOrientations_iPhone = "UIInterfaceOrientationPortrait UIInterfaceOrientationLandscapeLeft UIInterfaceOrientationLandscapeRight";
				LD_RUNPATH_SEARCH_PATHS = (
					"$(inherited)",
					"@executable_path/Frameworks",
				);
				MARKETING_VERSION = 1.0;
				PRODUCT_BUNDLE_IDENTIFIER = "GD.Rick-Morty";
				PRODUCT_NAME = "$(TARGET_NAME)";
				SWIFT_EMIT_LOC_STRINGS = YES;
				SWIFT_VERSION = 5.0;
				TARGETED_DEVICE_FAMILY = "1,2";
			};
			name = Release;
		};
/* End XCBuildConfiguration section */

/* Begin XCConfigurationList section */
		04E6270829864FF000CC193C /* Build configuration list for PBXProject "Rick&Morty" */ = {
			isa = XCConfigurationList;
			buildConfigurations = (
				04E6271F29864FF200CC193C /* Debug */,
				04E6272029864FF200CC193C /* Release */,
			);
			defaultConfigurationIsVisible = 0;
			defaultConfigurationName = Release;
		};
		04E6272129864FF200CC193C /* Build configuration list for PBXNativeTarget "Rick&Morty" */ = {
			isa = XCConfigurationList;
			buildConfigurations = (
				04E6272229864FF200CC193C /* Debug */,
				04E6272329864FF200CC193C /* Release */,
			);
			defaultConfigurationIsVisible = 0;
			defaultConfigurationName = Release;
		};
/* End XCConfigurationList section */
	};
	rootObject = 04E6270529864FF000CC193C /* Project object */;
}
